
Microsoft Visual Studio Solution File, Format Version 12.00
Project("{FAE04EC0-301F-11D3-BF4B-00C04F79EFBC}") = "UnitTests", "UnitTests\UnitTests.csproj", "{05725F62-093F-474F-918B-B4B86B2CD546}"
EndProject
Project("{FAE04EC0-301F-11D3-BF4B-00C04F79EFBC}") = "Calculator", "Calculator\Calculator.csproj", "{009DC8E0-DD88-4A4A-996E-96E764B9F4C6}"
EndProject
Global
	GlobalSection(SolutionConfigurationPlatforms) = preSolution
		Debug|Any CPU = Debug|Any CPU
		Release|Any CPU = Release|Any CPU
	EndGlobalSection
	GlobalSection(ProjectConfigurationPlatforms) = postSolution
		{05725F62-093F-474F-918B-B4B86B2CD546}.Debug|Any CPU.ActiveCfg = Debug|Any CPU
		{05725F62-093F-474F-918B-B4B86B2CD546}.Debug|Any CPU.Build.0 = Debug|Any CPU
		{05725F62-093F-474F-918B-B4B86B2CD546}.Release|Any CPU.ActiveCfg = Release|Any CPU
		{05725F62-093F-474F-918B-B4B86B2CD546}.Release|Any CPU.Build.0 = Release|Any CPU
		{009DC8E0-DD88-4A4A-996E-96E764B9F4C6}.Debug|Any CPU.ActiveCfg = Debug|Any CPU
		{009DC8E0-DD88-4A4A-996E-96E764B9F4C6}.Debug|Any CPU.Build.0 = Debug|Any CPU
		{009DC8E0-DD88-4A4A-996E-96E764B9F4C6}.Release|Any CPU.ActiveCfg = Release|Any CPU
		{009DC8E0-DD88-4A4A-996E-96E764B9F4C6}.Release|Any CPU.Build.0 = Release|Any CPU
	EndGlobalSection
EndGlobal
